PODS:
  - ALAccordion (0.4.0)
  - Keys (1.0.0)
  - SwiftHEXColors (1.1.0)

DEPENDENCIES:
  - ALAccordion
  - Keys (from `Pods/CocoaPodsKeys`)
  - SwiftHEXColors

EXTERNAL SOURCES:
  Keys:
    :path: Pods/CocoaPodsKeys

SPEC CHECKSUMS:
  ALAccordion: 23cb8e8761e4259bfb92638a0e0ed2ec820dc0eb
  Keys: 9c35bf00f612ee1d48556f4a4b9b4551e224e90f
  SwiftHEXColors: 8f7e364df7929e32cff9f9eeb044bb215167d6be

PODFILE CHECKSUM: e89c786001dd763c9620199a50c42a7eadb03cc5

COCOAPODS: 1.1.1
