// !$*UTF8*$!
{
	archiveVersion = 1;
	classes = {
	};
	objectVersion = 46;
	objects = {

/* Begin PBXBuildFile section */
		0B77594B54E54203CB845E62 /* Pods_CVApp.framework in Frameworks */ = {isa = PBXBuildFile; fileRef = 3EF3703E88DB7288437D85BF /* Pods_CVApp.framework */; };
		8F8F7F401E2ACF8600D8801E /* AppDelegate.swift in Sources */ = {isa = PBXBuildFile; fileRef = 8F8F7F301E2ACF8600D8801E /* AppDelegate.swift */; };
		8F8F7F411E2ACF8600D8801E /* Assets.xcassets in Resources */ = {isa = PBXBuildFile; fileRef = 8F8F7F311E2ACF8600D8801E /* Assets.xcassets */; };
		8F8F7F421E2ACF8600D8801E /* LaunchScreen.storyboard in Resources */ = {isa = PBXBuildFile; fileRef = 8F8F7F321E2ACF8600D8801E /* LaunchScreen.storyboard */; };
		8F8F7F431E2ACF8600D8801E /* Main.storyboard in Resources */ = {isa = PBXBuildFile; fileRef = 8F8F7F341E2ACF8600D8801E /* Main.storyboard */; };
		8F8F7F441E2ACF8600D8801E /* DetailsEducationViewController.swift in Sources */ = {isa = PBXBuildFile; fileRef = 8F8F7F361E2ACF8600D8801E /* DetailsEducationViewController.swift */; };
		8F8F7F451E2ACF8600D8801E /* DetailsExperienceViewController.swift in Sources */ = {isa = PBXBuildFile; fileRef = 8F8F7F371E2ACF8600D8801E /* DetailsExperienceViewController.swift */; };
		8F8F7F461E2ACF8600D8801E /* DetailsHeaderView.swift in Sources */ = {isa = PBXBuildFile; fileRef = 8F8F7F381E2ACF8600D8801E /* DetailsHeaderView.swift */; };
		8F8F7F471E2ACF8600D8801E /* DetailsInterestsViewController.swift in Sources */ = {isa = PBXBuildFile; fileRef = 8F8F7F391E2ACF8600D8801E /* DetailsInterestsViewController.swift */; };
		8F8F7F481E2ACF8600D8801E /* DetailsLanguagesViewController.swift in Sources */ = {isa = PBXBuildFile; fileRef = 8F8F7F3A1E2ACF8600D8801E /* DetailsLanguagesViewController.swift */; };
		8F8F7F491E2ACF8600D8801E /* DetailsSeparatorView.swift in Sources */ = {isa = PBXBuildFile; fileRef = 8F8F7F3B1E2ACF8600D8801E /* DetailsSeparatorView.swift */; };
		8F8F7F4A1E2ACF8600D8801E /* DetailsSkillsViewController.swift in Sources */ = {isa = PBXBuildFile; fileRef = 8F8F7F3C1E2ACF8600D8801E /* DetailsSkillsViewController.swift */; };
		8F8F7F4B1E2ACF8600D8801E /* DetailsViewController.swift in Sources */ = {isa = PBXBuildFile; fileRef = 8F8F7F3D1E2ACF8600D8801E /* DetailsViewController.swift */; };
		8F8F7F4C1E2ACF8600D8801E /* IndexViewController.swift in Sources */ = {isa = PBXBuildFile; fileRef = 8F8F7F3E1E2ACF8600D8801E /* IndexViewController.swift */; };
/* End PBXBuildFile section */

/* Begin PBXFileReference section */
		3EF3703E88DB7288437D85BF /* Pods_CVApp.framework */ = {isa = PBXFileReference; explicitFileType = wrapper.framework; includeInIndex = 0; path = Pods_CVApp.framework; sourceTree = BUILT_PRODUCTS_DIR; };
		81B72CA0DEE0F557DB40569F /* Pods-CVApp.release.xcconfig */ = {isa = PBXFileReference; includeInIndex = 1; lastKnownFileType = text.xcconfig; name = "Pods-CVApp.release.xcconfig"; path = "Pods/Target Support Files/Pods-CVApp/Pods-CVApp.release.xcconfig"; sourceTree = "<group>"; };
		8F55D1BF1E2A918800164B0D /* CVApp.app */ = {isa = PBXFileReference; explicitFileType = wrapper.application; includeInIndex = 0; path = CVApp.app; sourceTree = BUILT_PRODUCTS_DIR; };
		8F8F7F301E2ACF8600D8801E /* AppDelegate.swift */ = {isa = PBXFileReference; fileEncoding = 4; lastKnownFileType = sourcecode.swift; path = AppDelegate.swift; sourceTree = "<group>"; };
		8F8F7F311E2ACF8600D8801E /* Assets.xcassets */ = {isa = PBXFileReference; lastKnownFileType = folder.assetcatalog; path = Assets.xcassets; sourceTree = "<group>"; };
		8F8F7F331E2ACF8600D8801E /* Base */ = {isa = PBXFileReference; lastKnownFileType = file.storyboard; name = Base; path = Base.lproj/LaunchScreen.storyboard; sourceTree = "<group>"; };
		8F8F7F351E2ACF8600D8801E /* Base */ = {isa = PBXFileReference; lastKnownFileType = file.storyboard; name = Base; path = Base.lproj/Main.storyboard; sourceTree = "<group>"; };
		8F8F7F361E2ACF8600D8801E /* DetailsEducationViewController.swift */ = {isa = PBXFileReference; fileEncoding = 4; lastKnownFileType = sourcecode.swift; path = DetailsEducationViewController.swift; sourceTree = "<group>"; };
		8F8F7F371E2ACF8600D8801E /* DetailsExperienceViewController.swift */ = {isa = PBXFileReference; fileEncoding = 4; lastKnownFileType = sourcecode.swift; path = DetailsExperienceViewController.swift; sourceTree = "<group>"; };
		8F8F7F381E2ACF8600D8801E /* DetailsHeaderView.swift */ = {isa = PBXFileReference; fileEncoding = 4; lastKnownFileType = sourcecode.swift; path = DetailsHeaderView.swift; sourceTree = "<group>"; };
		8F8F7F391E2ACF8600D8801E /* DetailsInterestsViewController.swift */ = {isa = PBXFileReference; fileEncoding = 4; lastKnownFileType = sourcecode.swift; path = DetailsInterestsViewController.swift; sourceTree = "<group>"; };
		8F8F7F3A1E2ACF8600D8801E /* DetailsLanguagesViewController.swift */ = {isa = PBXFileReference; fileEncoding = 4; lastKnownFileType = sourcecode.swift; path = DetailsLanguagesViewController.swift; sourceTree = "<group>"; };
		8F8F7F3B1E2ACF8600D8801E /* DetailsSeparatorView.swift */ = {isa = PBXFileReference; fileEncoding = 4; lastKnownFileType = sourcecode.swift; path = DetailsSeparatorView.swift; sourceTree = "<group>"; };
		8F8F7F3C1E2ACF8600D8801E /* DetailsSkillsViewController.swift */ = {isa = PBXFileReference; fileEncoding = 4; lastKnownFileType = sourcecode.swift; path = DetailsSkillsViewController.swift; sourceTree = "<group>"; };
		8F8F7F3D1E2ACF8600D8801E /* DetailsViewController.swift */ = {isa = PBXFileReference; fileEncoding = 4; lastKnownFileType = sourcecode.swift; path = DetailsViewController.swift; sourceTree = "<group>"; };
		8F8F7F3E1E2ACF8600D8801E /* IndexViewController.swift */ = {isa = PBXFileReference; fileEncoding = 4; lastKnownFileType = sourcecode.swift; path = IndexViewController.swift; sourceTree = "<group>"; };
		8F8F7F3F1E2ACF8600D8801E /* Info.plist */ = {isa = PBXFileReference; fileEncoding = 4; lastKnownFileType = text.plist.xml; path = Info.plist; sourceTree = "<group>"; };
		96FDFCD9290394FA1A36C8E9 /* Pods-CVApp.debug.xcconfig */ = {isa = PBXFileReference; includeInIndex = 1; lastKnownFileType = text.xcconfig; name = "Pods-CVApp.debug.xcconfig"; path = "Pods/Target Support Files/Pods-CVApp/Pods-CVApp.debug.xcconfig"; sourceTree = "<group>"; };
/* End PBXFileReference section */

/* Begin PBXFrameworksBuildPhase section */
		8F55D1BC1E2A918800164B0D /* Frameworks */ = {
			isa = PBXFrameworksBuildPhase;
			buildActionMask = 2147483647;
			files = (
				0B77594B54E54203CB845E62 /* Pods_CVApp.framework in Frameworks */,
			);
			runOnlyForDeploymentPostprocessing = 0;
		};
/* End PBXFrameworksBuildPhase section */

/* Begin PBXGroup section */
		65F05A77997FB9390B2EE25B /* Pods */ = {
			isa = PBXGroup;
			children = (
				96FDFCD9290394FA1A36C8E9 /* Pods-CVApp.debug.xcconfig */,
				81B72CA0DEE0F557DB40569F /* Pods-CVApp.release.xcconfig */,
			);
			name = Pods;
			sourceTree = "<group>";
		};
		8F55D1B61E2A918800164B0D = {
			isa = PBXGroup;
			children = (
				8F55D1C11E2A918800164B0D /* CVApp */,
				8F55D1C01E2A918800164B0D /* Products */,
				65F05A77997FB9390B2EE25B /* Pods */,
				9B2ED9C35CA7B58CCD849291 /* Frameworks */,
			);
			sourceTree = "<group>";
		};
		8F55D1C01E2A918800164B0D /* Products */ = {
			isa = PBXGroup;
			children = (
				8F55D1BF1E2A918800164B0D /* CVApp.app */,
			);
			name = Products;
			sourceTree = "<group>";
		};
		8F55D1C11E2A918800164B0D /* CVApp */ = {
			isa = PBXGroup;
			children = (
				8F8F7F301E2ACF8600D8801E /* AppDelegate.swift */,
				8F8F7F511E2ADF1C00D8801E /* Helpers */,
				8F8F7F4F1E2ADA2900D8801E /* Controllers */,
				8F8F7F4E1E2ADA1F00D8801E /* Views */,
				8F8F7F501E2ADA5100D8801E /* Resources */,
				8F8F7F3F1E2ACF8600D8801E /* Info.plist */,
			);
			path = CVApp;
			sourceTree = "<group>";
		};
		8F8F7F4E1E2ADA1F00D8801E /* Views */ = {
			isa = PBXGroup;
			children = (
				8F8F7F381E2ACF8600D8801E /* DetailsHeaderView.swift */,
				8F8F7F3B1E2ACF8600D8801E /* DetailsSeparatorView.swift */,
			);
			name = Views;
			sourceTree = "<group>";
		};
		8F8F7F4F1E2ADA2900D8801E /* Controllers */ = {
			isa = PBXGroup;
			children = (
				8F8F7F361E2ACF8600D8801E /* DetailsEducationViewController.swift */,
				8F8F7F371E2ACF8600D8801E /* DetailsExperienceViewController.swift */,
				8F8F7F391E2ACF8600D8801E /* DetailsInterestsViewController.swift */,
				8F8F7F3A1E2ACF8600D8801E /* DetailsLanguagesViewController.swift */,
				8F8F7F3C1E2ACF8600D8801E /* DetailsSkillsViewController.swift */,
				8F8F7F3D1E2ACF8600D8801E /* DetailsViewController.swift */,
				8F8F7F3E1E2ACF8600D8801E /* IndexViewController.swift */,
			);
			name = Controllers;
			sourceTree = "<group>";
		};
		8F8F7F501E2ADA5100D8801E /* Resources */ = {
			isa = PBXGroup;
			children = (
				8F8F7F311E2ACF8600D8801E /* Assets.xcassets */,
				8F8F7F341E2ACF8600D8801E /* Main.storyboard */,
				8F8F7F321E2ACF8600D8801E /* LaunchScreen.storyboard */,
			);
			name = Resources;
			sourceTree = "<group>";
		};
		8F8F7F511E2ADF1C00D8801E /* Helpers */ = {
			isa = PBXGroup;
			children = (
			);
			name = Helpers;
			sourceTree = "<group>";
		};
		9B2ED9C35CA7B58CCD849291 /* Frameworks */ = {
			isa = PBXGroup;
			children = (
				3EF3703E88DB7288437D85BF /* Pods_CVApp.framework */,
			);
			name = Frameworks;
			sourceTree = "<group>";
		};
/* End PBXGroup section */

/* Begin PBXNativeTarget section */
		8F55D1BE1E2A918800164B0D /* CVApp */ = {
			isa = PBXNativeTarget;
			buildConfigurationList = 8F55D1D11E2A918800164B0D /* Build configuration list for PBXNativeTarget "CVApp" */;
			buildPhases = (
				817CD91BA65D732D69508667 /* [CP] Check Pods Manifest.lock */,
				8F55D1BB1E2A918800164B0D /* Sources */,
				8F55D1BC1E2A918800164B0D /* Frameworks */,
				8F55D1BD1E2A918800164B0D /* Resources */,
				B94E6AECDE94E6343BED4A36 /* [CP] Embed Pods Frameworks */,
				AC34F694A11C3EBBECA90DA4 /* [CP] Copy Pods Resources */,
			);
			buildRules = (
			);
			dependencies = (
			);
			name = CVApp;
			productName = CVApp;
			productReference = 8F55D1BF1E2A918800164B0D /* CVApp.app */;
			productType = "com.apple.product-type.application";
		};
/* End PBXNativeTarget section */

/* Begin PBXProject section */
		8F55D1B71E2A918800164B0D /* Project object */ = {
			isa = PBXProject;
			attributes = {
				LastSwiftUpdateCheck = 0820;
				LastUpgradeCheck = 0820;
				ORGANIZATIONNAME = "Mateusz Tuński";
				TargetAttributes = {
					8F55D1BE1E2A918800164B0D = {
						CreatedOnToolsVersion = 8.2.1;
						LastSwiftMigration = 0820;
						ProvisioningStyle = Automatic;
					};
				};
			};
			buildConfigurationList = 8F55D1BA1E2A918800164B0D /* Build configuration list for PBXProject "CVApp" */;
			compatibilityVersion = "Xcode 3.2";
			developmentRegion = English;
			hasScannedForEncodings = 0;
			knownRegions = (
				en,
				Base,
			);
			mainGroup = 8F55D1B61E2A918800164B0D;
			productRefGroup = 8F55D1C01E2A918800164B0D /* Products */;
			projectDirPath = "";
			projectRoot = "";
			targets = (
				8F55D1BE1E2A918800164B0D /* CVApp */,
			);
		};
/* End PBXProject section */

/* Begin PBXResourcesBuildPhase section */
		8F55D1BD1E2A918800164B0D /* Resources */ = {
			isa = PBXResourcesBuildPhase;
			buildActionMask = 2147483647;
			files = (
				8F8F7F431E2ACF8600D8801E /* Main.storyboard in Resources */,
				8F8F7F411E2ACF8600D8801E /* Assets.xcassets in Resources */,
				8F8F7F421E2ACF8600D8801E /* LaunchScreen.storyboard in Resources */,
			);
			runOnlyForDeploymentPostprocessing = 0;
		};
/* End PBXResourcesBuildPhase section */

/* Begin PBXShellScriptBuildPhase section */
		817CD91BA65D732D69508667 /* [CP] Check Pods Manifest.lock */ = {
			isa = PBXShellScriptBuildPhase;
			buildActionMask = 2147483647;
			files = (
			);
			inputPaths = (
			);
			name = "[CP] Check Pods Manifest.lock";
			outputPaths = (
			);
			runOnlyForDeploymentPostprocessing = 0;
			shellPath = /bin/sh;
			shellScript = "diff \"${PODS_ROOT}/../Podfile.lock\" \"${PODS_ROOT}/Manifest.lock\" > /dev/null\nif [ $? != 0 ] ; then\n    # print error to STDERR\n    echo \"error: The sandbox is not in sync with the Podfile.lock. Run 'pod install' or update your CocoaPods installation.\" >&2\n    exit 1\nfi\n";
			showEnvVarsInLog = 0;
		};
		AC34F694A11C3EBBECA90DA4 /* [CP] Copy Pods Resources */ = {
			isa = PBXShellScriptBuildPhase;
			buildActionMask = 2147483647;
			files = (
			);
			inputPaths = (
			);
			name = "[CP] Copy Pods Resources";
			outputPaths = (
			);
			runOnlyForDeploymentPostprocessing = 0;
			shellPath = /bin/sh;
			shellScript = "\"${SRCROOT}/Pods/Target Support Files/Pods-CVApp/Pods-CVApp-resources.sh\"\n";
			showEnvVarsInLog = 0;
		};
		B94E6AECDE94E6343BED4A36 /* [CP] Embed Pods Frameworks */ = {
			isa = PBXShellScriptBuildPhase;
			buildActionMask = 2147483647;
			files = (
			);
			inputPaths = (
			);
			name = "[CP] Embed Pods Frameworks";
			outputPaths = (
			);
			runOnlyForDeploymentPostprocessing = 0;
			shellPath = /bin/sh;
			shellScript = "\"${SRCROOT}/Pods/Target Support Files/Pods-CVApp/Pods-CVApp-frameworks.sh\"\n";
			showEnvVarsInLog = 0;
		};
/* End PBXShellScriptBuildPhase section */

/* Begin PBXSourcesBuildPhase section */
		8F55D1BB1E2A918800164B0D /* Sources */ = {
			isa = PBXSourcesBuildPhase;
			buildActionMask = 2147483647;
			files = (
				8F8F7F461E2ACF8600D8801E /* DetailsHeaderView.swift in Sources */,
				8F8F7F4A1E2ACF8600D8801E /* DetailsSkillsViewController.swift in Sources */,
				8F8F7F4B1E2ACF8600D8801E /* DetailsViewController.swift in Sources */,
				8F8F7F491E2ACF8600D8801E /* DetailsSeparatorView.swift in Sources */,
				8F8F7F471E2ACF8600D8801E /* DetailsInterestsViewController.swift in Sources */,
				8F8F7F441E2ACF8600D8801E /* DetailsEducationViewController.swift in Sources */,
				8F8F7F481E2ACF8600D8801E /* DetailsLanguagesViewController.swift in Sources */,
				8F8F7F451E2ACF8600D8801E /* DetailsExperienceViewController.swift in Sources */,
				8F8F7F401E2ACF8600D8801E /* AppDelegate.swift in Sources */,
				8F8F7F4C1E2ACF8600D8801E /* IndexViewController.swift in Sources */,
			);
			runOnlyForDeploymentPostprocessing = 0;
		};
/* End PBXSourcesBuildPhase section */

/* Begin PBXVariantGroup section */
		8F8F7F321E2ACF8600D8801E /* LaunchScreen.storyboard */ = {
			isa = PBXVariantGroup;
			children = (
				8F8F7F331E2ACF8600D8801E /* Base */,
			);
			name = LaunchScreen.storyboard;
			sourceTree = "<group>";
		};
		8F8F7F341E2ACF8600D8801E /* Main.storyboard */ = {
			isa = PBXVariantGroup;
			children = (
				8F8F7F351E2ACF8600D8801E /* Base */,
			);
			name = Main.storyboard;
			sourceTree = "<group>";
		};
/* End PBXVariantGroup section */

/* Begin XCBuildConfiguration section */
		8F55D1CF1E2A918800164B0D /* Debug */ = {
			isa = XCBuildConfiguration;
			buildSettings = {
				ALWAYS_SEARCH_USER_PATHS = NO;
				CLANG_ANALYZER_NONNULL = YES;
				CLANG_CXX_LANGUAGE_STANDARD = "gnu++0x";
				CLANG_CXX_LIBRARY = "libc++";
				CLANG_ENABLE_MODULES = YES;
				CLANG_ENABLE_OBJC_ARC = YES;
				CLANG_WARN_BOOL_CONVERSION = YES;
				CLANG_WARN_CONSTANT_CONVERSION = YES;
				CLANG_WARN_DIRECT_OBJC_ISA_USAGE = YES_ERROR;
				CLANG_WARN_DOCUMENTATION_COMMENTS = YES;
				CLANG_WARN_EMPTY_BODY = YES;
				CLANG_WARN_ENUM_CONVERSION = YES;
				CLANG_WARN_INFINITE_RECURSION = YES;
				CLANG_WARN_INT_CONVERSION = YES;
				CLANG_WARN_OBJC_ROOT_CLASS = YES_ERROR;
				CLANG_WARN_SUSPICIOUS_MOVE = YES;
				CLANG_WARN_UNREACHABLE_CODE = YES;
				CLANG_WARN__DUPLICATE_METHOD_MATCH = YES;
				"CODE_SIGN_IDENTITY[sdk=iphoneos*]" = "iPhone Developer";
				COPY_PHASE_STRIP = NO;
				DEBUG_INFORMATION_FORMAT = dwarf;
				ENABLE_STRICT_OBJC_MSGSEND = YES;
				ENABLE_TESTABILITY = YES;
				GCC_C_LANGUAGE_STANDARD = gnu99;
				GCC_DYNAMIC_NO_PIC = NO;
				GCC_NO_COMMON_BLOCKS = YES;
				GCC_OPTIMIZATION_LEVEL = 0;
				GCC_PREPROCESSOR_DEFINITIONS = (
					"DEBUG=1",
					"$(inherited)",
				);
				GCC_WARN_64_TO_32_BIT_CONVERSION = YES;
				GCC_WARN_ABOUT_RETURN_TYPE = YES_ERROR;
				GCC_WARN_UNDECLARED_SELECTOR = YES;
				GCC_WARN_UNINITIALIZED_AUTOS = YES_AGGRESSIVE;
				GCC_WARN_UNUSED_FUNCTION = YES;
				GCC_WARN_UNUSED_VARIABLE = YES;
				IPHONEOS_DEPLOYMENT_TARGET = 10.2;
				MTL_ENABLE_DEBUG_INFO = YES;
				ONLY_ACTIVE_ARCH = YES;
				SDKROOT = iphoneos;
				SWIFT_ACTIVE_COMPILATION_CONDITIONS = DEBUG;
				SWIFT_OPTIMIZATION_LEVEL = "-Onone";
				TARGETED_DEVICE_FAMILY = "1,2";
			};
			name = Debug;
		};
		8F55D1D01E2A918800164B0D /* Release */ = {
			isa = XCBuildConfiguration;
			buildSettings = {
				ALWAYS_SEARCH_USER_PATHS = NO;
				CLANG_ANALYZER_NONNULL = YES;
				CLANG_CXX_LANGUAGE_STANDARD = "gnu++0x";
				CLANG_CXX_LIBRARY = "libc++";
				CLANG_ENABLE_MODULES = YES;
				CLANG_ENABLE_OBJC_ARC = YES;
				CLANG_WARN_BOOL_CONVERSION = YES;
				CLANG_WARN_CONSTANT_CONVERSION = YES;
				CLANG_WARN_DIRECT_OBJC_ISA_USAGE = YES_ERROR;
				CLANG_WARN_DOCUMENTATION_COMMENTS = YES;
				CLANG_WARN_EMPTY_BODY = YES;
				CLANG_WARN_ENUM_CONVERSION = YES;
				CLANG_WARN_INFINITE_RECURSION = YES;
				CLANG_WARN_INT_CONVERSION = YES;
				CLANG_WARN_OBJC_ROOT_CLASS = YES_ERROR;
				CLANG_WARN_SUSPICIOUS_MOVE = YES;
				CLANG_WARN_UNREACHABLE_CODE = YES;
				CLANG_WARN__DUPLICATE_METHOD_MATCH = YES;
				"CODE_SIGN_IDENTITY[sdk=iphoneos*]" = "iPhone Developer";
				COPY_PHASE_STRIP = NO;
				DEBUG_INFORMATION_FORMAT = "dwarf-with-dsym";
				ENABLE_NS_ASSERTIONS = NO;
				ENABLE_STRICT_OBJC_MSGSEND = YES;
				GCC_C_LANGUAGE_STANDARD = gnu99;
				GCC_NO_COMMON_BLOCKS = YES;
				GCC_WARN_64_TO_32_BIT_CONVERSION = YES;
				GCC_WARN_ABOUT_RETURN_TYPE = YES_ERROR;
				GCC_WARN_UNDECLARED_SELECTOR = YES;
				GCC_WARN_UNINITIALIZED_AUTOS = YES_AGGRESSIVE;
				GCC_WARN_UNUSED_FUNCTION = YES;
				GCC_WARN_UNUSED_VARIABLE = YES;
				IPHONEOS_DEPLOYMENT_TARGET = 10.2;
				MTL_ENABLE_DEBUG_INFO = NO;
				SDKROOT = iphoneos;
				SWIFT_OPTIMIZATION_LEVEL = "-Owholemodule";
				TARGETED_DEVICE_FAMILY = "1,2";
				VALIDATE_PRODUCT = YES;
			};
			name = Release;
		};
		8F55D1D21E2A918800164B0D /* Debug */ = {
			isa = XCBuildConfiguration;
			baseConfigurationReference = 96FDFCD9290394FA1A36C8E9 /* Pods-CVApp.debug.xcconfig */;
			buildSettings = {
				ASSETCATALOG_COMPILER_APPICON_NAME = AppIcon;
				CLANG_ENABLE_MODULES = YES;
				INFOPLIST_FILE = CVApp/Info.plist;
				LD_RUNPATH_SEARCH_PATHS = "$(inherited) @executable_path/Frameworks";
				PRODUCT_BUNDLE_IDENTIFIER = co.tunski.CVApp;
				PRODUCT_NAME = "$(TARGET_NAME)";
				SWIFT_OPTIMIZATION_LEVEL = "-Onone";
				SWIFT_VERSION = 3.0;
			};
			name = Debug;
		};
		8F55D1D31E2A918800164B0D /* Release */ = {
			isa = XCBuildConfiguration;
			baseConfigurationReference = 81B72CA0DEE0F557DB40569F /* Pods-CVApp.release.xcconfig */;
			buildSettings = {
				ASSETCATALOG_COMPILER_APPICON_NAME = AppIcon;
				CLANG_ENABLE_MODULES = YES;
				INFOPLIST_FILE = CVApp/Info.plist;
				LD_RUNPATH_SEARCH_PATHS = "$(inherited) @executable_path/Frameworks";
				PRODUCT_BUNDLE_IDENTIFIER = co.tunski.CVApp;
				PRODUCT_NAME = "$(TARGET_NAME)";
				SWIFT_VERSION = 3.0;
			};
			name = Release;
		};
/* End XCBuildConfiguration section */

/* Begin XCConfigurationList section */
		8F55D1BA1E2A918800164B0D /* Build configuration list for PBXProject "CVApp" */ = {
			isa = XCConfigurationList;
			buildConfigurations = (
				8F55D1CF1E2A918800164B0D /* Debug */,
				8F55D1D01E2A918800164B0D /* Release */,
			);
			defaultConfigurationIsVisible = 0;
			defaultConfigurationName = Release;
		};
		8F55D1D11E2A918800164B0D /* Build configuration list for PBXNativeTarget "CVApp" */ = {
			isa = XCConfigurationList;
			buildConfigurations = (
				8F55D1D21E2A918800164B0D /* Debug */,
				8F55D1D31E2A918800164B0D /* Release */,
			);
			defaultConfigurationIsVisible = 0;
			defaultConfigurationName = Release;
		};
/* End XCConfigurationList section */
	};
	rootObject = 8F55D1B71E2A918800164B0D /* Project object */;
}
