// !$*UTF8*$!
{
	archiveVersion = 1;
	classes = {
	};
	objectVersion = 46;
	objects = {

/* Begin PBXBuildFile section */
		8162FEE4E30E6FA9164167FF /* Pods_WeatherApp.framework in Frameworks */ = {isa = PBXBuildFile; fileRef = 8657F7288EBCD6405FB1A76E /* Pods_WeatherApp.framework */; };
		8F4E72BE1E33A5C500BEDD03 /* BackgroundChooser.swift in Sources */ = {isa = PBXBuildFile; fileRef = 8F4E72BD1E33A5C500BEDD03 /* BackgroundChooser.swift */; };
		8FD0859A1E3178F6007D96A5 /* AppDelegate.swift in Sources */ = {isa = PBXBuildFile; fileRef = 8FD085991E3178F6007D96A5 /* AppDelegate.swift */; };
		8FD0859C1E3178F6007D96A5 /* IndexViewController.swift in Sources */ = {isa = PBXBuildFile; fileRef = 8FD0859B1E3178F6007D96A5 /* IndexViewController.swift */; };
		8FD0859F1E3178F6007D96A5 /* Main.storyboard in Resources */ = {isa = PBXBuildFile; fileRef = 8FD0859D1E3178F6007D96A5 /* Main.storyboard */; };
		8FD085A11E3178F6007D96A5 /* Assets.xcassets in Resources */ = {isa = PBXBuildFile; fileRef = 8FD085A01E3178F6007D96A5 /* Assets.xcassets */; };
		8FD085A41E3178F6007D96A5 /* LaunchScreen.storyboard in Resources */ = {isa = PBXBuildFile; fileRef = 8FD085A21E3178F6007D96A5 /* LaunchScreen.storyboard */; };
/* End PBXBuildFile section */

/* Begin PBXFileReference section */
		1CC3744D1DCF65131E9B054C /* Pods-WeatherApp.release.xcconfig */ = {isa = PBXFileReference; includeInIndex = 1; lastKnownFileType = text.xcconfig; name = "Pods-WeatherApp.release.xcconfig"; path = "Pods/Target Support Files/Pods-WeatherApp/Pods-WeatherApp.release.xcconfig"; sourceTree = "<group>"; };
		8657F7288EBCD6405FB1A76E /* Pods_WeatherApp.framework */ = {isa = PBXFileReference; explicitFileType = wrapper.framework; includeInIndex = 0; path = Pods_WeatherApp.framework; sourceTree = BUILT_PRODUCTS_DIR; };
		8F4E72BD1E33A5C500BEDD03 /* BackgroundChooser.swift */ = {isa = PBXFileReference; fileEncoding = 4; lastKnownFileType = sourcecode.swift; path = BackgroundChooser.swift; sourceTree = "<group>"; };
		8F6878DFC7F366E0502A7C24 /* Pods-WeatherApp.debug.xcconfig */ = {isa = PBXFileReference; includeInIndex = 1; lastKnownFileType = text.xcconfig; name = "Pods-WeatherApp.debug.xcconfig"; path = "Pods/Target Support Files/Pods-WeatherApp/Pods-WeatherApp.debug.xcconfig"; sourceTree = "<group>"; };
		8FD085961E3178F6007D96A5 /* WeatherApp.app */ = {isa = PBXFileReference; explicitFileType = wrapper.application; includeInIndex = 0; path = WeatherApp.app; sourceTree = BUILT_PRODUCTS_DIR; };
		8FD085991E3178F6007D96A5 /* AppDelegate.swift */ = {isa = PBXFileReference; lastKnownFileType = sourcecode.swift; path = AppDelegate.swift; sourceTree = "<group>"; };
		8FD0859B1E3178F6007D96A5 /* IndexViewController.swift */ = {isa = PBXFileReference; lastKnownFileType = sourcecode.swift; path = IndexViewController.swift; sourceTree = "<group>"; };
		8FD0859E1E3178F6007D96A5 /* Base */ = {isa = PBXFileReference; lastKnownFileType = file.storyboard; name = Base; path = Base.lproj/Main.storyboard; sourceTree = "<group>"; };
		8FD085A01E3178F6007D96A5 /* Assets.xcassets */ = {isa = PBXFileReference; lastKnownFileType = folder.assetcatalog; path = Assets.xcassets; sourceTree = "<group>"; };
		8FD085A31E3178F6007D96A5 /* Base */ = {isa = PBXFileReference; lastKnownFileType = file.storyboard; name = Base; path = Base.lproj/LaunchScreen.storyboard; sourceTree = "<group>"; };
		8FD085A51E3178F6007D96A5 /* Info.plist */ = {isa = PBXFileReference; lastKnownFileType = text.plist.xml; path = Info.plist; sourceTree = "<group>"; };
/* End PBXFileReference section */

/* Begin PBXFrameworksBuildPhase section */
		8FD085931E3178F6007D96A5 /* Frameworks */ = {
			isa = PBXFrameworksBuildPhase;
			buildActionMask = 2147483647;
			files = (
				8162FEE4E30E6FA9164167FF /* Pods_WeatherApp.framework in Frameworks */,
			);
			runOnlyForDeploymentPostprocessing = 0;
		};
/* End PBXFrameworksBuildPhase section */

/* Begin PBXGroup section */
		7E34B1E5B755A920B9162216 /* Frameworks */ = {
			isa = PBXGroup;
			children = (
				8657F7288EBCD6405FB1A76E /* Pods_WeatherApp.framework */,
			);
			name = Frameworks;
			sourceTree = "<group>";
		};
		8F4E72BC1E33A59D00BEDD03 /* Helpers */ = {
			isa = PBXGroup;
			children = (
				8F4E72BD1E33A5C500BEDD03 /* BackgroundChooser.swift */,
			);
			name = Helpers;
			sourceTree = "<group>";
		};
		8FD0858D1E3178F5007D96A5 = {
			isa = PBXGroup;
			children = (
				8FD085981E3178F6007D96A5 /* WeatherApp */,
				8FD085971E3178F6007D96A5 /* Products */,
				9304037274162FD09E9809B0 /* Pods */,
				7E34B1E5B755A920B9162216 /* Frameworks */,
			);
			sourceTree = "<group>";
		};
		8FD085971E3178F6007D96A5 /* Products */ = {
			isa = PBXGroup;
			children = (
				8FD085961E3178F6007D96A5 /* WeatherApp.app */,
			);
			name = Products;
			sourceTree = "<group>";
		};
		8FD085981E3178F6007D96A5 /* WeatherApp */ = {
			isa = PBXGroup;
			children = (
				8F4E72BC1E33A59D00BEDD03 /* Helpers */,
				8FD085AD1E317914007D96A5 /* Resources */,
				8FD085AC1E31790B007D96A5 /* Controllers */,
				8FD085AB1E317905007D96A5 /* Views */,
				8FD085991E3178F6007D96A5 /* AppDelegate.swift */,
				8FD085A51E3178F6007D96A5 /* Info.plist */,
			);
			path = WeatherApp;
			sourceTree = "<group>";
		};
		8FD085AB1E317905007D96A5 /* Views */ = {
			isa = PBXGroup;
			children = (
			);
			name = Views;
			sourceTree = "<group>";
		};
		8FD085AC1E31790B007D96A5 /* Controllers */ = {
			isa = PBXGroup;
			children = (
				8FD0859B1E3178F6007D96A5 /* IndexViewController.swift */,
			);
			name = Controllers;
			sourceTree = "<group>";
		};
		8FD085AD1E317914007D96A5 /* Resources */ = {
			isa = PBXGroup;
			children = (
				8FD0859D1E3178F6007D96A5 /* Main.storyboard */,
				8FD085A01E3178F6007D96A5 /* Assets.xcassets */,
				8FD085A21E3178F6007D96A5 /* LaunchScreen.storyboard */,
			);
			name = Resources;
			sourceTree = "<group>";
		};
		9304037274162FD09E9809B0 /* Pods */ = {
			isa = PBXGroup;
			children = (
				8F6878DFC7F366E0502A7C24 /* Pods-WeatherApp.debug.xcconfig */,
				1CC3744D1DCF65131E9B054C /* Pods-WeatherApp.release.xcconfig */,
			);
			name = Pods;
			sourceTree = "<group>";
		};
/* End PBXGroup section */

/* Begin PBXNativeTarget section */
		8FD085951E3178F6007D96A5 /* WeatherApp */ = {
			isa = PBXNativeTarget;
			buildConfigurationList = 8FD085A81E3178F6007D96A5 /* Build configuration list for PBXNativeTarget "WeatherApp" */;
			buildPhases = (
				25EFCDB4E66540BFC43A3DD0 /* [CP] Check Pods Manifest.lock */,
				8FD085921E3178F6007D96A5 /* Sources */,
				8FD085931E3178F6007D96A5 /* Frameworks */,
				8FD085941E3178F6007D96A5 /* Resources */,
				F5208E7E961355A03EA9D22A /* [CP] Embed Pods Frameworks */,
				CA2DFAEFAB954D40A6350DC4 /* [CP] Copy Pods Resources */,
			);
			buildRules = (
			);
			dependencies = (
			);
			name = WeatherApp;
			productName = WeatherApp;
			productReference = 8FD085961E3178F6007D96A5 /* WeatherApp.app */;
			productType = "com.apple.product-type.application";
		};
/* End PBXNativeTarget section */

/* Begin PBXProject section */
		8FD0858E1E3178F5007D96A5 /* Project object */ = {
			isa = PBXProject;
			attributes = {
				LastSwiftUpdateCheck = 0820;
				LastUpgradeCheck = 0820;
				ORGANIZATIONNAME = "Mateusz Tuński";
				TargetAttributes = {
					8FD085951E3178F6007D96A5 = {
						CreatedOnToolsVersion = 8.2.1;
						DevelopmentTeam = S2GKK39WJC;
						ProvisioningStyle = Automatic;
						SystemCapabilities = {
							com.apple.BackgroundModes = {
								enabled = 0;
							};
							com.apple.DataProtection = {
								enabled = 0;
							};
						};
					};
				};
			};
			buildConfigurationList = 8FD085911E3178F5007D96A5 /* Build configuration list for PBXProject "WeatherApp" */;
			compatibilityVersion = "Xcode 3.2";
			developmentRegion = English;
			hasScannedForEncodings = 0;
			knownRegions = (
				en,
				Base,
			);
			mainGroup = 8FD0858D1E3178F5007D96A5;
			productRefGroup = 8FD085971E3178F6007D96A5 /* Products */;
			projectDirPath = "";
			projectRoot = "";
			targets = (
				8FD085951E3178F6007D96A5 /* WeatherApp */,
			);
		};
/* End PBXProject section */

/* Begin PBXResourcesBuildPhase section */
		8FD085941E3178F6007D96A5 /* Resources */ = {
			isa = PBXResourcesBuildPhase;
			buildActionMask = 2147483647;
			files = (
				8FD085A41E3178F6007D96A5 /* LaunchScreen.storyboard in Resources */,
				8FD085A11E3178F6007D96A5 /* Assets.xcassets in Resources */,
				8FD0859F1E3178F6007D96A5 /* Main.storyboard in Resources */,
			);
			runOnlyForDeploymentPostprocessing = 0;
		};
/* End PBXResourcesBuildPhase section */

/* Begin PBXShellScriptBuildPhase section */
		25EFCDB4E66540BFC43A3DD0 /* [CP] Check Pods Manifest.lock */ = {
			isa = PBXShellScriptBuildPhase;
			buildActionMask = 2147483647;
			files = (
			);
			inputPaths = (
			);
			name = "[CP] Check Pods Manifest.lock";
			outputPaths = (
			);
			runOnlyForDeploymentPostprocessing = 0;
			shellPath = /bin/sh;
			shellScript = "diff \"${PODS_ROOT}/../Podfile.lock\" \"${PODS_ROOT}/Manifest.lock\" > /dev/null\nif [ $? != 0 ] ; then\n    # print error to STDERR\n    echo \"error: The sandbox is not in sync with the Podfile.lock. Run 'pod install' or update your CocoaPods installation.\" >&2\n    exit 1\nfi\n";
			showEnvVarsInLog = 0;
		};
		CA2DFAEFAB954D40A6350DC4 /* [CP] Copy Pods Resources */ = {
			isa = PBXShellScriptBuildPhase;
			buildActionMask = 2147483647;
			files = (
			);
			inputPaths = (
			);
			name = "[CP] Copy Pods Resources";
			outputPaths = (
			);
			runOnlyForDeploymentPostprocessing = 0;
			shellPath = /bin/sh;
			shellScript = "\"${SRCROOT}/Pods/Target Support Files/Pods-WeatherApp/Pods-WeatherApp-resources.sh\"\n";
			showEnvVarsInLog = 0;
		};
		F5208E7E961355A03EA9D22A /* [CP] Embed Pods Frameworks */ = {
			isa = PBXShellScriptBuildPhase;
			buildActionMask = 2147483647;
			files = (
			);
			inputPaths = (
			);
			name = "[CP] Embed Pods Frameworks";
			outputPaths = (
			);
			runOnlyForDeploymentPostprocessing = 0;
			shellPath = /bin/sh;
			shellScript = "\"${SRCROOT}/Pods/Target Support Files/Pods-WeatherApp/Pods-WeatherApp-frameworks.sh\"\n";
			showEnvVarsInLog = 0;
		};
/* End PBXShellScriptBuildPhase section */

/* Begin PBXSourcesBuildPhase section */
		8FD085921E3178F6007D96A5 /* Sources */ = {
			isa = PBXSourcesBuildPhase;
			buildActionMask = 2147483647;
			files = (
				8FD0859C1E3178F6007D96A5 /* IndexViewController.swift in Sources */,
				8FD0859A1E3178F6007D96A5 /* AppDelegate.swift in Sources */,
				8F4E72BE1E33A5C500BEDD03 /* BackgroundChooser.swift in Sources */,
			);
			runOnlyForDeploymentPostprocessing = 0;
		};
/* End PBXSourcesBuildPhase section */

/* Begin PBXVariantGroup section */
		8FD0859D1E3178F6007D96A5 /* Main.storyboard */ = {
			isa = PBXVariantGroup;
			children = (
				8FD0859E1E3178F6007D96A5 /* Base */,
			);
			name = Main.storyboard;
			sourceTree = "<group>";
		};
		8FD085A21E3178F6007D96A5 /* LaunchScreen.storyboard */ = {
			isa = PBXVariantGroup;
			children = (
				8FD085A31E3178F6007D96A5 /* Base */,
			);
			name = LaunchScreen.storyboard;
			sourceTree = "<group>";
		};
/* End PBXVariantGroup section */

/* Begin XCBuildConfiguration section */
		8FD085A61E3178F6007D96A5 /* Debug */ = {
			isa = XCBuildConfiguration;
			buildSettings = {
				ALWAYS_SEARCH_USER_PATHS = NO;
				CLANG_ANALYZER_NONNULL = YES;
				CLANG_CXX_LANGUAGE_STANDARD = "gnu++0x";
				CLANG_CXX_LIBRARY = "libc++";
				CLANG_ENABLE_MODULES = YES;
				CLANG_ENABLE_OBJC_ARC = YES;
				CLANG_WARN_BOOL_CONVERSION = YES;
				CLANG_WARN_CONSTANT_CONVERSION = YES;
				CLANG_WARN_DIRECT_OBJC_ISA_USAGE = YES_ERROR;
				CLANG_WARN_DOCUMENTATION_COMMENTS = YES;
				CLANG_WARN_EMPTY_BODY = YES;
				CLANG_WARN_ENUM_CONVERSION = YES;
				CLANG_WARN_INFINITE_RECURSION = YES;
				CLANG_WARN_INT_CONVERSION = YES;
				CLANG_WARN_OBJC_ROOT_CLASS = YES_ERROR;
				CLANG_WARN_SUSPICIOUS_MOVE = YES;
				CLANG_WARN_UNREACHABLE_CODE = YES;
				CLANG_WARN__DUPLICATE_METHOD_MATCH = YES;
				"CODE_SIGN_IDENTITY[sdk=iphoneos*]" = "iPhone Developer";
				COPY_PHASE_STRIP = NO;
				DEBUG_INFORMATION_FORMAT = dwarf;
				ENABLE_STRICT_OBJC_MSGSEND = YES;
				ENABLE_TESTABILITY = YES;
				GCC_C_LANGUAGE_STANDARD = gnu99;
				GCC_DYNAMIC_NO_PIC = NO;
				GCC_NO_COMMON_BLOCKS = YES;
				GCC_OPTIMIZATION_LEVEL = 0;
				GCC_PREPROCESSOR_DEFINITIONS = (
					"DEBUG=1",
					"$(inherited)",
				);
				GCC_WARN_64_TO_32_BIT_CONVERSION = YES;
				GCC_WARN_ABOUT_RETURN_TYPE = YES_ERROR;
				GCC_WARN_UNDECLARED_SELECTOR = YES;
				GCC_WARN_UNINITIALIZED_AUTOS = YES_AGGRESSIVE;
				GCC_WARN_UNUSED_FUNCTION = YES;
				GCC_WARN_UNUSED_VARIABLE = YES;
				IPHONEOS_DEPLOYMENT_TARGET = 10.2;
				MTL_ENABLE_DEBUG_INFO = YES;
				ONLY_ACTIVE_ARCH = YES;
				SDKROOT = iphoneos;
				SWIFT_ACTIVE_COMPILATION_CONDITIONS = DEBUG;
				SWIFT_OPTIMIZATION_LEVEL = "-Onone";
				TARGETED_DEVICE_FAMILY = "1,2";
			};
			name = Debug;
		};
		8FD085A71E3178F6007D96A5 /* Release */ = {
			isa = XCBuildConfiguration;
			buildSettings = {
				ALWAYS_SEARCH_USER_PATHS = NO;
				CLANG_ANALYZER_NONNULL = YES;
				CLANG_CXX_LANGUAGE_STANDARD = "gnu++0x";
				CLANG_CXX_LIBRARY = "libc++";
				CLANG_ENABLE_MODULES = YES;
				CLANG_ENABLE_OBJC_ARC = YES;
				CLANG_WARN_BOOL_CONVERSION = YES;
				CLANG_WARN_CONSTANT_CONVERSION = YES;
				CLANG_WARN_DIRECT_OBJC_ISA_USAGE = YES_ERROR;
				CLANG_WARN_DOCUMENTATION_COMMENTS = YES;
				CLANG_WARN_EMPTY_BODY = YES;
				CLANG_WARN_ENUM_CONVERSION = YES;
				CLANG_WARN_INFINITE_RECURSION = YES;
				CLANG_WARN_INT_CONVERSION = YES;
				CLANG_WARN_OBJC_ROOT_CLASS = YES_ERROR;
				CLANG_WARN_SUSPICIOUS_MOVE = YES;
				CLANG_WARN_UNREACHABLE_CODE = YES;
				CLANG_WARN__DUPLICATE_METHOD_MATCH = YES;
				"CODE_SIGN_IDENTITY[sdk=iphoneos*]" = "iPhone Developer";
				COPY_PHASE_STRIP = NO;
				DEBUG_INFORMATION_FORMAT = "dwarf-with-dsym";
				ENABLE_NS_ASSERTIONS = NO;
				ENABLE_STRICT_OBJC_MSGSEND = YES;
				GCC_C_LANGUAGE_STANDARD = gnu99;
				GCC_NO_COMMON_BLOCKS = YES;
				GCC_WARN_64_TO_32_BIT_CONVERSION = YES;
				GCC_WARN_ABOUT_RETURN_TYPE = YES_ERROR;
				GCC_WARN_UNDECLARED_SELECTOR = YES;
				GCC_WARN_UNINITIALIZED_AUTOS = YES_AGGRESSIVE;
				GCC_WARN_UNUSED_FUNCTION = YES;
				GCC_WARN_UNUSED_VARIABLE = YES;
				IPHONEOS_DEPLOYMENT_TARGET = 10.2;
				MTL_ENABLE_DEBUG_INFO = NO;
				SDKROOT = iphoneos;
				SWIFT_OPTIMIZATION_LEVEL = "-Owholemodule";
				TARGETED_DEVICE_FAMILY = "1,2";
				VALIDATE_PRODUCT = YES;
			};
			name = Release;
		};
		8FD085A91E3178F6007D96A5 /* Debug */ = {
			isa = XCBuildConfiguration;
			baseConfigurationReference = 8F6878DFC7F366E0502A7C24 /* Pods-WeatherApp.debug.xcconfig */;
			buildSettings = {
				ASSETCATALOG_COMPILER_APPICON_NAME = AppIcon;
				DEVELOPMENT_TEAM = S2GKK39WJC;
				INFOPLIST_FILE = WeatherApp/Info.plist;
				LD_RUNPATH_SEARCH_PATHS = "$(inherited) @executable_path/Frameworks";
				PRODUCT_BUNDLE_IDENTIFIER = co.tunski.WeatherApp;
				PRODUCT_NAME = "$(TARGET_NAME)";
				SWIFT_VERSION = 3.0;
			};
			name = Debug;
		};
		8FD085AA1E3178F6007D96A5 /* Release */ = {
			isa = XCBuildConfiguration;
			baseConfigurationReference = 1CC3744D1DCF65131E9B054C /* Pods-WeatherApp.release.xcconfig */;
			buildSettings = {
				ASSETCATALOG_COMPILER_APPICON_NAME = AppIcon;
				DEVELOPMENT_TEAM = S2GKK39WJC;
				INFOPLIST_FILE = WeatherApp/Info.plist;
				LD_RUNPATH_SEARCH_PATHS = "$(inherited) @executable_path/Frameworks";
				PRODUCT_BUNDLE_IDENTIFIER = co.tunski.WeatherApp;
				PRODUCT_NAME = "$(TARGET_NAME)";
				SWIFT_VERSION = 3.0;
			};
			name = Release;
		};
/* End XCBuildConfiguration section */

/* Begin XCConfigurationList section */
		8FD085911E3178F5007D96A5 /* Build configuration list for PBXProject "WeatherApp" */ = {
			isa = XCConfigurationList;
			buildConfigurations = (
				8FD085A61E3178F6007D96A5 /* Debug */,
				8FD085A71E3178F6007D96A5 /* Release */,
			);
			defaultConfigurationIsVisible = 0;
			defaultConfigurationName = Release;
		};
		8FD085A81E3178F6007D96A5 /* Build configuration list for PBXNativeTarget "WeatherApp" */ = {
			isa = XCConfigurationList;
			buildConfigurations = (
				8FD085A91E3178F6007D96A5 /* Debug */,
				8FD085AA1E3178F6007D96A5 /* Release */,
			);
			defaultConfigurationIsVisible = 0;
			defaultConfigurationName = Release;
		};
/* End XCConfigurationList section */
	};
	rootObject = 8FD0858E1E3178F5007D96A5 /* Project object */;
}
